
Microsoft Visual Studio Solution File, Format Version 12.00
# Visual Studio Version 17
VisualStudioVersion = 17.13.35818.85 d17.13
MinimumVisualStudioVersion = 10.0.40219.1
Project("{FAE04EC0-301F-11D3-BF4B-00C04F79EFBC}") = "ComparisonT", "ComparisonT\ComparisonT.csproj", "{0B2B476B-98A2-48E6-9310-C494A3E35555}"
EndProject
Global
	GlobalSection(SolutionConfigurationPlatforms) = preSolution
		Debug|Any CPU = Debug|Any CPU
		Release|Any CPU = Release|Any CPU
	EndGlobalSection
	GlobalSection(ProjectConfigurationPlatforms) = postSolution
		{0B2B476B-98A2-48E6-9310-C494A3E35555}.Debug|Any CPU.ActiveCfg = Debug|Any CPU
		{0B2B476B-98A2-48E6-9310-C494A3E35555}.Debug|Any CPU.Build.0 = Debug|Any CPU
		{0B2B476B-98A2-48E6-9310-C494A3E35555}.Release|Any CPU.ActiveCfg = Release|Any CPU
		{0B2B476B-98A2-48E6-9310-C494A3E35555}.Release|Any CPU.Build.0 = Release|Any CPU
	EndGlobalSection
	GlobalSection(SolutionProperties) = preSolution
		HideSolutionNode = FALSE
	EndGlobalSection
	GlobalSection(ExtensibilityGlobals) = postSolution
		SolutionGuid = {FF62E753-5AEA-48C3-82F2-B8A56ACBB7FA}
	EndGlobalSection
EndGlobal
