
Microsoft Visual Studio Solution File, Format Version 12.00
# Visual Studio Version 17
VisualStudioVersion = 17.12.35527.113 d17.12
MinimumVisualStudioVersion = 10.0.40219.1
Project("{FAE04EC0-301F-11D3-BF4B-00C04F79EFBC}") = "HerancaMultipla", "HerancaMultipla\HerancaMultipla.csproj", "{B583190B-51AE-4CB9-97E7-2FA4F2546934}"
EndProject
Global
	GlobalSection(SolutionConfigurationPlatforms) = preSolution
		Debug|Any CPU = Debug|Any CPU
		Release|Any CPU = Release|Any CPU
	EndGlobalSection
	GlobalSection(ProjectConfigurationPlatforms) = postSolution
		{B583190B-51AE-4CB9-97E7-2FA4F2546934}.Debug|Any CPU.ActiveCfg = Debug|Any CPU
		{B583190B-51AE-4CB9-97E7-2FA4F2546934}.Debug|Any CPU.Build.0 = Debug|Any CPU
		{B583190B-51AE-4CB9-97E7-2FA4F2546934}.Release|Any CPU.ActiveCfg = Release|Any CPU
		{B583190B-51AE-4CB9-97E7-2FA4F2546934}.Release|Any CPU.Build.0 = Release|Any CPU
	EndGlobalSection
	GlobalSection(SolutionProperties) = preSolution
		HideSolutionNode = FALSE
	EndGlobalSection
EndGlobal
