
Microsoft Visual Studio Solution File, Format Version 12.00
# Visual Studio Version 17
VisualStudioVersion = 17.13.35825.156 d17.13
MinimumVisualStudioVersion = 10.0.40219.1
Project("{FAE04EC0-301F-11D3-BF4B-00C04F79EFBC}") = "ExercicioResolvido", "ExercicioResolvido\ExercicioResolvido.csproj", "{C00F5EE2-A145-40AC-B0C1-38FFBB4C08C2}"
EndProject
Global
	GlobalSection(SolutionConfigurationPlatforms) = preSolution
		Debug|Any CPU = Debug|Any CPU
		Release|Any CPU = Release|Any CPU
	EndGlobalSection
	GlobalSection(ProjectConfigurationPlatforms) = postSolution
		{C00F5EE2-A145-40AC-B0C1-38FFBB4C08C2}.Debug|Any CPU.ActiveCfg = Debug|Any CPU
		{C00F5EE2-A145-40AC-B0C1-38FFBB4C08C2}.Debug|Any CPU.Build.0 = Debug|Any CPU
		{C00F5EE2-A145-40AC-B0C1-38FFBB4C08C2}.Release|Any CPU.ActiveCfg = Release|Any CPU
		{C00F5EE2-A145-40AC-B0C1-38FFBB4C08C2}.Release|Any CPU.Build.0 = Release|Any CPU
	EndGlobalSection
	GlobalSection(SolutionProperties) = preSolution
		HideSolutionNode = FALSE
	EndGlobalSection
	GlobalSection(ExtensibilityGlobals) = postSolution
		SolutionGuid = {1BA63925-C81B-40FF-B921-A3BEF61AC828}
	EndGlobalSection
EndGlobal
