
Microsoft Visual Studio Solution File, Format Version 12.00
# Visual Studio Version 17
VisualStudioVersion = 17.13.35818.85 d17.13
MinimumVisualStudioVersion = 10.0.40219.1
Project("{FAE04EC0-301F-11D3-BF4B-00C04F79EFBC}") = "ExercicioConjunto1", "ExercicioConjunto1\ExercicioConjunto1.csproj", "{686A870F-3368-4DBE-9E1D-82598A765507}"
EndProject
Global
	GlobalSection(SolutionConfigurationPlatforms) = preSolution
		Debug|Any CPU = Debug|Any CPU
		Release|Any CPU = Release|Any CPU
	EndGlobalSection
	GlobalSection(ProjectConfigurationPlatforms) = postSolution
		{686A870F-3368-4DBE-9E1D-82598A765507}.Debug|Any CPU.ActiveCfg = Debug|Any CPU
		{686A870F-3368-4DBE-9E1D-82598A765507}.Debug|Any CPU.Build.0 = Debug|Any CPU
		{686A870F-3368-4DBE-9E1D-82598A765507}.Release|Any CPU.ActiveCfg = Release|Any CPU
		{686A870F-3368-4DBE-9E1D-82598A765507}.Release|Any CPU.Build.0 = Release|Any CPU
	EndGlobalSection
	GlobalSection(SolutionProperties) = preSolution
		HideSolutionNode = FALSE
	EndGlobalSection
	GlobalSection(ExtensibilityGlobals) = postSolution
		SolutionGuid = {E60890D5-32F5-46C7-AEC1-ECE0A7117E02}
	EndGlobalSection
EndGlobal
