
Microsoft Visual Studio Solution File, Format Version 12.00
# Visual Studio Version 17
VisualStudioVersion = 17.12.35527.113 d17.12
MinimumVisualStudioVersion = 10.0.40219.1
Project("{FAE04EC0-301F-11D3-BF4B-00C04F79EFBC}") = "CSharp5", "CSharp5\CSharp5.csproj", "{F910F5BD-B922-44D1-8EF4-1CEB0C5F3A04}"
EndProject
Global
	GlobalSection(SolutionConfigurationPlatforms) = preSolution
		Debug|Any CPU = Debug|Any CPU
		Release|Any CPU = Release|Any CPU
	EndGlobalSection
	GlobalSection(ProjectConfigurationPlatforms) = postSolution
		{F910F5BD-B922-44D1-8EF4-1CEB0C5F3A04}.Debug|Any CPU.ActiveCfg = Debug|Any CPU
		{F910F5BD-B922-44D1-8EF4-1CEB0C5F3A04}.Debug|Any CPU.Build.0 = Debug|Any CPU
		{F910F5BD-B922-44D1-8EF4-1CEB0C5F3A04}.Release|Any CPU.ActiveCfg = Release|Any CPU
		{F910F5BD-B922-44D1-8EF4-1CEB0C5F3A04}.Release|Any CPU.Build.0 = Release|Any CPU
	EndGlobalSection
	GlobalSection(SolutionProperties) = preSolution
		HideSolutionNode = FALSE
	EndGlobalSection
EndGlobal
