
Microsoft Visual Studio Solution File, Format Version 12.00
# Visual Studio Version 17
VisualStudioVersion = 17.13.35825.156 d17.13
MinimumVisualStudioVersion = 10.0.40219.1
Project("{FAE04EC0-301F-11D3-BF4B-00C04F79EFBC}") = "IntroducaoDelegates", "IntroducaoDelegates\IntroducaoDelegates.csproj", "{BE7D9778-D4FD-4713-AB37-D66C340B4B07}"
EndProject
Global
	GlobalSection(SolutionConfigurationPlatforms) = preSolution
		Debug|Any CPU = Debug|Any CPU
		Release|Any CPU = Release|Any CPU
	EndGlobalSection
	GlobalSection(ProjectConfigurationPlatforms) = postSolution
		{BE7D9778-D4FD-4713-AB37-D66C340B4B07}.Debug|Any CPU.ActiveCfg = Debug|Any CPU
		{BE7D9778-D4FD-4713-AB37-D66C340B4B07}.Debug|Any CPU.Build.0 = Debug|Any CPU
		{BE7D9778-D4FD-4713-AB37-D66C340B4B07}.Release|Any CPU.ActiveCfg = Release|Any CPU
		{BE7D9778-D4FD-4713-AB37-D66C340B4B07}.Release|Any CPU.Build.0 = Release|Any CPU
	EndGlobalSection
	GlobalSection(SolutionProperties) = preSolution
		HideSolutionNode = FALSE
	EndGlobalSection
	GlobalSection(ExtensibilityGlobals) = postSolution
		SolutionGuid = {E7822433-193B-405E-A2E4-767B58EC32EC}
	EndGlobalSection
EndGlobal
