
Microsoft Visual Studio Solution File, Format Version 12.00
# Visual Studio Version 17
VisualStudioVersion = 17.13.35825.156 d17.13
MinimumVisualStudioVersion = 10.0.40219.1
Project("{FAE04EC0-301F-11D3-BF4B-00C04F79EFBC}") = "Predicate", "Predicate\Predicate.csproj", "{1A5D9A35-56D2-4441-AF8B-496290E813C9}"
EndProject
Global
	GlobalSection(SolutionConfigurationPlatforms) = preSolution
		Debug|Any CPU = Debug|Any CPU
		Release|Any CPU = Release|Any CPU
	EndGlobalSection
	GlobalSection(ProjectConfigurationPlatforms) = postSolution
		{1A5D9A35-56D2-4441-AF8B-496290E813C9}.Debug|Any CPU.ActiveCfg = Debug|Any CPU
		{1A5D9A35-56D2-4441-AF8B-496290E813C9}.Debug|Any CPU.Build.0 = Debug|Any CPU
		{1A5D9A35-56D2-4441-AF8B-496290E813C9}.Release|Any CPU.ActiveCfg = Release|Any CPU
		{1A5D9A35-56D2-4441-AF8B-496290E813C9}.Release|Any CPU.Build.0 = Release|Any CPU
	EndGlobalSection
	GlobalSection(SolutionProperties) = preSolution
		HideSolutionNode = FALSE
	EndGlobalSection
	GlobalSection(ExtensibilityGlobals) = postSolution
		SolutionGuid = {CB308B94-023F-4096-8CDB-050B97EE80CB}
	EndGlobalSection
EndGlobal
