
Microsoft Visual Studio Solution File, Format Version 12.00
# Visual Studio Version 17
VisualStudioVersion = 17.13.35825.156 d17.13
MinimumVisualStudioVersion = 10.0.40219.1
Project("{FAE04EC0-301F-11D3-BF4B-00C04F79EFBC}") = "AlgebraRelacionalSQL", "AlgebraRelacionalSQL\AlgebraRelacionalSQL.csproj", "{13547299-559E-4860-9EE6-F19780834C94}"
EndProject
Global
	GlobalSection(SolutionConfigurationPlatforms) = preSolution
		Debug|Any CPU = Debug|Any CPU
		Release|Any CPU = Release|Any CPU
	EndGlobalSection
	GlobalSection(ProjectConfigurationPlatforms) = postSolution
		{13547299-559E-4860-9EE6-F19780834C94}.Debug|Any CPU.ActiveCfg = Debug|Any CPU
		{13547299-559E-4860-9EE6-F19780834C94}.Debug|Any CPU.Build.0 = Debug|Any CPU
		{13547299-559E-4860-9EE6-F19780834C94}.Release|Any CPU.ActiveCfg = Release|Any CPU
		{13547299-559E-4860-9EE6-F19780834C94}.Release|Any CPU.Build.0 = Release|Any CPU
	EndGlobalSection
	GlobalSection(SolutionProperties) = preSolution
		HideSolutionNode = FALSE
	EndGlobalSection
	GlobalSection(ExtensibilityGlobals) = postSolution
		SolutionGuid = {C81E716C-C7EF-42AB-A9C6-1D96A8F4E4C5}
	EndGlobalSection
EndGlobal
