
Microsoft Visual Studio Solution File, Format Version 12.00
# Visual Studio Version 17
VisualStudioVersion = 17.13.35825.156 d17.13
MinimumVisualStudioVersion = 10.0.40219.1
Project("{FAE04EC0-301F-11D3-BF4B-00C04F79EFBC}") = "IntroducaoLINQ", "IntroducaoLINQ\IntroducaoLINQ.csproj", "{40C3D212-FAB7-49D7-BE6A-314D018B01D9}"
EndProject
Global
	GlobalSection(SolutionConfigurationPlatforms) = preSolution
		Debug|Any CPU = Debug|Any CPU
		Release|Any CPU = Release|Any CPU
	EndGlobalSection
	GlobalSection(ProjectConfigurationPlatforms) = postSolution
		{40C3D212-FAB7-49D7-BE6A-314D018B01D9}.Debug|Any CPU.ActiveCfg = Debug|Any CPU
		{40C3D212-FAB7-49D7-BE6A-314D018B01D9}.Debug|Any CPU.Build.0 = Debug|Any CPU
		{40C3D212-FAB7-49D7-BE6A-314D018B01D9}.Release|Any CPU.ActiveCfg = Release|Any CPU
		{40C3D212-FAB7-49D7-BE6A-314D018B01D9}.Release|Any CPU.Build.0 = Release|Any CPU
	EndGlobalSection
	GlobalSection(SolutionProperties) = preSolution
		HideSolutionNode = FALSE
	EndGlobalSection
	GlobalSection(ExtensibilityGlobals) = postSolution
		SolutionGuid = {4096F028-19D1-4902-8B0E-6DA2998F2EA3}
	EndGlobalSection
EndGlobal
