
Microsoft Visual Studio Solution File, Format Version 12.00
# Visual Studio Version 17
VisualStudioVersion = 17.13.35818.85 d17.13
MinimumVisualStudioVersion = 10.0.40219.1
Project("{FAE04EC0-301F-11D3-BF4B-00C04F79EFBC}") = "DictionarySortedDictionary", "DictionarySortedDictionary\DictionarySortedDictionary.csproj", "{628BAA00-1BF4-41FC-BDC4-580B78B27D50}"
EndProject
Global
	GlobalSection(SolutionConfigurationPlatforms) = preSolution
		Debug|Any CPU = Debug|Any CPU
		Release|Any CPU = Release|Any CPU
	EndGlobalSection
	GlobalSection(ProjectConfigurationPlatforms) = postSolution
		{628BAA00-1BF4-41FC-BDC4-580B78B27D50}.Debug|Any CPU.ActiveCfg = Debug|Any CPU
		{628BAA00-1BF4-41FC-BDC4-580B78B27D50}.Debug|Any CPU.Build.0 = Debug|Any CPU
		{628BAA00-1BF4-41FC-BDC4-580B78B27D50}.Release|Any CPU.ActiveCfg = Release|Any CPU
		{628BAA00-1BF4-41FC-BDC4-580B78B27D50}.Release|Any CPU.Build.0 = Release|Any CPU
	EndGlobalSection
	GlobalSection(SolutionProperties) = preSolution
		HideSolutionNode = FALSE
	EndGlobalSection
	GlobalSection(ExtensibilityGlobals) = postSolution
		SolutionGuid = {23112FD3-71E3-43A2-B5C5-C558B7FCDFFB}
	EndGlobalSection
EndGlobal
